
Microsoft Visual Studio Solution File, Format Version 12.00
Project("{FAE04EC0-301F-11D3-BF4B-00C04F79EFBC}") = "Arkanoid", "Arkanoid.csproj", "{7199B3B3-8C32-4BAC-8C07-38077E9A8C07}"
EndProject
Global
	GlobalSection(SolutionConfigurationPlatforms) = preSolution
		Debug|Any CPU = Debug|Any CPU
		Release|Any CPU = Release|Any CPU
	EndGlobalSection
	GlobalSection(ProjectConfigurationPlatforms) = postSolution
		{7199B3B3-8C32-4BAC-8C07-38077E9A8C07}.Debug|Any CPU.ActiveCfg = Debug|Any CPU
		{7199B3B3-8C32-4BAC-8C07-38077E9A8C07}.Debug|Any CPU.Build.0 = Debug|Any CPU
		{7199B3B3-8C32-4BAC-8C07-38077E9A8C07}.Release|Any CPU.ActiveCfg = Release|Any CPU
		{7199B3B3-8C32-4BAC-8C07-38077E9A8C07}.Release|Any CPU.Build.0 = Release|Any CPU
	EndGlobalSection
EndGlobal
